
Microsoft Visual Studio Solution File, Format Version 12.00
# Visual Studio Version 16
VisualStudioVersion = 16.0.31410.357
MinimumVisualStudioVersion = 10.0.40219.1
Project("{FAE04EC0-301F-11D3-BF4B-00C04F79EFBC}") = "Acordo.UiApp", "Acordo.UiApp\Acordo.UiApp.csproj", "{658FFE92-BB73-4F1B-BB3C-FC19AF08F68E}"
EndProject
Global
	GlobalSection(SolutionConfigurationPlatforms) = preSolution
		Debug|Any CPU = Debug|Any CPU
		Release|Any CPU = Release|Any CPU
	EndGlobalSection
	GlobalSection(ProjectConfigurationPlatforms) = postSolution
		{658FFE92-BB73-4F1B-BB3C-FC19AF08F68E}.Debug|Any CPU.ActiveCfg = Debug|Any CPU
		{658FFE92-BB73-4F1B-BB3C-FC19AF08F68E}.Debug|Any CPU.Build.0 = Debug|Any CPU
		{658FFE92-BB73-4F1B-BB3C-FC19AF08F68E}.Release|Any CPU.ActiveCfg = Release|Any CPU
		{658FFE92-BB73-4F1B-BB3C-FC19AF08F68E}.Release|Any CPU.Build.0 = Release|Any CPU
	EndGlobalSection
	GlobalSection(SolutionProperties) = preSolution
		HideSolutionNode = FALSE
	EndGlobalSection
	GlobalSection(ExtensibilityGlobals) = postSolution
		SolutionGuid = {77AFFE7C-9DE9-40EC-82B5-B68F2300A6D4}
	EndGlobalSection
EndGlobal
